
Microsoft Visual Studio Solution File, Format Version 12.00
# Visual Studio Version 17
VisualStudioVersion = 17.3.32929.385
MinimumVisualStudioVersion = 10.0.40219.1
Project("{FAE04EC0-301F-11D3-BF4B-00C04F79EFBC}") = "SistemaDeGerenciamento2_0", "SistemaDeGerenciamento2_0\SistemaDeGerenciamento2_0.csproj", "{E385FE39-F498-47B8-8A16-96F35FD43703}"
EndProject
Global
	GlobalSection(SolutionConfigurationPlatforms) = preSolution
		Debug|Any CPU = Debug|Any CPU
		Release|Any CPU = Release|Any CPU
	EndGlobalSection
	GlobalSection(ProjectConfigurationPlatforms) = postSolution
		{E385FE39-F498-47B8-8A16-96F35FD43703}.Debug|Any CPU.ActiveCfg = Debug|Any CPU
		{E385FE39-F498-47B8-8A16-96F35FD43703}.Debug|Any CPU.Build.0 = Debug|Any CPU
		{E385FE39-F498-47B8-8A16-96F35FD43703}.Release|Any CPU.ActiveCfg = Release|Any CPU
		{E385FE39-F498-47B8-8A16-96F35FD43703}.Release|Any CPU.Build.0 = Release|Any CPU
	EndGlobalSection
	GlobalSection(SolutionProperties) = preSolution
		HideSolutionNode = FALSE
	EndGlobalSection
	GlobalSection(ExtensibilityGlobals) = postSolution
		SolutionGuid = {9CB10D38-C0FE-472F-8044-3BEC8F784E77}
	EndGlobalSection
EndGlobal
